{
  "version": 4,
  "terraform_version": "1.10.0",
  "serial": 74,
  "lineage": "a125a5dd-2fc5-cdf8-0ef1-b3a07897d014",
  "outputs": {},
  "resources": [
    {
      "mode": "data",
      "type": "aws_iam_role",
      "name": "labrole",
      "provider": "provider[\"registry.terraform.io/hashicorp/aws\"]",
      "instances": [
        {
          "schema_version": 0,
          "attributes": {
            "arn": "arn:aws:iam::731841272399:role/LabRole",
            "assume_role_policy": "{\"Version\":\"2012-10-17\",\"Statement\":[{\"Effect\":\"Allow\",\"Principal\":{\"Service\":[\"cloudformation.amazonaws.com\",\"ec2.application-autoscaling.amazonaws.com\",\"kms.amazonaws.com\",\"elasticmapreduce.amazonaws.com\",\"resource-groups.amazonaws.com\",\"scheduler.amazonaws.com\",\"sagemaker.amazonaws.com\",\"autoscaling.amazonaws.com\",\"batch.amazonaws.com\",\"ecs.amazonaws.com\",\"apigateway.amazonaws.com\",\"s3.amazonaws.com\",\"redshift.amazonaws.com\",\"codedeploy.amazonaws.com\",\"elasticbeanstalk.amazonaws.com\",\"states.amazonaws.com\",\"kinesis.amazonaws.com\",\"kinesisanalytics.amazonaws.com\",\"secretsmanager.amazonaws.com\",\"events.amazonaws.com\",\"firehose.amazonaws.com\",\"logs.amazonaws.com\",\"databrew.amazonaws.com\",\"eks-fargate-pods.amazonaws.com\",\"cognito-idp.amazonaws.com\",\"glue.amazonaws.com\",\"dynamodb.amazonaws.com\",\"ssm.amazonaws.com\",\"cloudtrail.amazonaws.com\",\"deepracer.amazonaws.com\",\"iot.amazonaws.com\",\"elasticfilesystem.amazonaws.com\",\"iotanalytics.amazonaws.com\",\"ecs-tasks.amazonaws.com\",\"sns.amazonaws.com\",\"lambda.amazonaws.com\",\"rekognition.amazonaws.com\",\"codecommit.amazonaws.com\",\"iotevents.amazonaws.com\",\"eks.amazonaws.com\",\"application-autoscaling.amazonaws.com\",\"elasticloadbalancing.amazonaws.com\",\"backup.amazonaws.com\",\"servicecatalog.amazonaws.com\",\"sqs.amazonaws.com\",\"cloud9.amazonaws.com\",\"pipes.amazonaws.com\",\"ec2.amazonaws.com\",\"credentials.iot.amazonaws.com\",\"athena.amazonaws.com\",\"codewhisperer.amazonaws.com\",\"forecast.amazonaws.com\",\"rds.amazonaws.com\"],\"AWS\":\"arn:aws:iam::731841272399:role/LabRole\"},\"Action\":\"sts:AssumeRole\"}]}",
            "create_date": "2024-11-30T20:25:47Z",
            "description": "",
            "id": "LabRole",
            "max_session_duration": 3600,
            "name": "LabRole",
            "path": "/",
            "permissions_boundary": "",
            "role_last_used": [
              {
                "last_used_date": "2024-12-05T01:03:50Z",
                "region": "us-east-1"
              }
            ],
            "tags": {
              "cloudlab": "c137866a3517877l8591959t1w731841272399"
            },
            "unique_id": "AROA2UZJDTJHR5LQVPLDC"
          },
          "sensitive_attributes": []
        }
      ]
    },
    {
      "mode": "data",
      "type": "aws_subnet",
      "name": "subnet",
      "provider": "provider[\"registry.terraform.io/hashicorp/aws\"]",
      "instances": [
        {
          "index_key": "subnet-00386d762d18f0a22",
          "schema_version": 0,
          "attributes": {
            "arn": "arn:aws:ec2:us-east-1:731841272399:subnet/subnet-00386d762d18f0a22",
            "assign_ipv6_address_on_creation": false,
            "availability_zone": "us-east-1d",
            "availability_zone_id": "use1-az1",
            "available_ip_address_count": 4072,
            "cidr_block": "172.31.0.0/20",
            "customer_owned_ipv4_pool": "",
            "default_for_az": true,
            "enable_dns64": false,
            "enable_lni_at_device_index": 0,
            "enable_resource_name_dns_a_record_on_launch": false,
            "enable_resource_name_dns_aaaa_record_on_launch": false,
            "filter": null,
            "id": "subnet-00386d762d18f0a22",
            "ipv6_cidr_block": "",
            "ipv6_cidr_block_association_id": "",
            "ipv6_native": false,
            "map_customer_owned_ip_on_launch": false,
            "map_public_ip_on_launch": true,
            "outpost_arn": "",
            "owner_id": "731841272399",
            "private_dns_hostname_type_on_launch": "ip-name",
            "state": "available",
            "tags": {},
            "timeouts": null,
            "vpc_id": "vpc-07c1daafd6ddb5fbe"
          },
          "sensitive_attributes": []
        },
        {
          "index_key": "subnet-0177c58e21fc10fef",
          "schema_version": 0,
          "attributes": {
            "arn": "arn:aws:ec2:us-east-1:731841272399:subnet/subnet-0177c58e21fc10fef",
            "assign_ipv6_address_on_creation": false,
            "availability_zone": "us-east-1e",
            "availability_zone_id": "use1-az3",
            "available_ip_address_count": 4091,
            "cidr_block": "172.31.48.0/20",
            "customer_owned_ipv4_pool": "",
            "default_for_az": true,
            "enable_dns64": false,
            "enable_lni_at_device_index": 0,
            "enable_resource_name_dns_a_record_on_launch": false,
            "enable_resource_name_dns_aaaa_record_on_launch": false,
            "filter": null,
            "id": "subnet-0177c58e21fc10fef",
            "ipv6_cidr_block": "",
            "ipv6_cidr_block_association_id": "",
            "ipv6_native": false,
            "map_customer_owned_ip_on_launch": false,
            "map_public_ip_on_launch": true,
            "outpost_arn": "",
            "owner_id": "731841272399",
            "private_dns_hostname_type_on_launch": "ip-name",
            "state": "available",
            "tags": {},
            "timeouts": null,
            "vpc_id": "vpc-07c1daafd6ddb5fbe"
          },
          "sensitive_attributes": []
        },
        {
          "index_key": "subnet-06b8b268777a10ddf",
          "schema_version": 0,
          "attributes": {
            "arn": "arn:aws:ec2:us-east-1:731841272399:subnet/subnet-06b8b268777a10ddf",
            "assign_ipv6_address_on_creation": false,
            "availability_zone": "us-east-1f",
            "availability_zone_id": "use1-az5",
            "available_ip_address_count": 4091,
            "cidr_block": "172.31.64.0/20",
            "customer_owned_ipv4_pool": "",
            "default_for_az": true,
            "enable_dns64": false,
            "enable_lni_at_device_index": 0,
            "enable_resource_name_dns_a_record_on_launch": false,
            "enable_resource_name_dns_aaaa_record_on_launch": false,
            "filter": null,
            "id": "subnet-06b8b268777a10ddf",
            "ipv6_cidr_block": "",
            "ipv6_cidr_block_association_id": "",
            "ipv6_native": false,
            "map_customer_owned_ip_on_launch": false,
            "map_public_ip_on_launch": true,
            "outpost_arn": "",
            "owner_id": "731841272399",
            "private_dns_hostname_type_on_launch": "ip-name",
            "state": "available",
            "tags": {},
            "timeouts": null,
            "vpc_id": "vpc-07c1daafd6ddb5fbe"
          },
          "sensitive_attributes": []
        },
        {
          "index_key": "subnet-073e71151f402f6c2",
          "schema_version": 0,
          "attributes": {
            "arn": "arn:aws:ec2:us-east-1:731841272399:subnet/subnet-073e71151f402f6c2",
            "assign_ipv6_address_on_creation": false,
            "availability_zone": "us-east-1a",
            "availability_zone_id": "use1-az2",
            "available_ip_address_count": 4090,
            "cidr_block": "172.31.80.0/20",
            "customer_owned_ipv4_pool": "",
            "default_for_az": true,
            "enable_dns64": false,
            "enable_lni_at_device_index": 0,
            "enable_resource_name_dns_a_record_on_launch": false,
            "enable_resource_name_dns_aaaa_record_on_launch": false,
            "filter": null,
            "id": "subnet-073e71151f402f6c2",
            "ipv6_cidr_block": "",
            "ipv6_cidr_block_association_id": "",
            "ipv6_native": false,
            "map_customer_owned_ip_on_launch": false,
            "map_public_ip_on_launch": true,
            "outpost_arn": "",
            "owner_id": "731841272399",
            "private_dns_hostname_type_on_launch": "ip-name",
            "state": "available",
            "tags": {},
            "timeouts": null,
            "vpc_id": "vpc-07c1daafd6ddb5fbe"
          },
          "sensitive_attributes": []
        },
        {
          "index_key": "subnet-0a77f583efbf9994c",
          "schema_version": 0,
          "attributes": {
            "arn": "arn:aws:ec2:us-east-1:731841272399:subnet/subnet-0a77f583efbf9994c",
            "assign_ipv6_address_on_creation": false,
            "availability_zone": "us-east-1b",
            "availability_zone_id": "use1-az4",
            "available_ip_address_count": 4089,
            "cidr_block": "172.31.16.0/20",
            "customer_owned_ipv4_pool": "",
            "default_for_az": true,
            "enable_dns64": false,
            "enable_lni_at_device_index": 0,
            "enable_resource_name_dns_a_record_on_launch": false,
            "enable_resource_name_dns_aaaa_record_on_launch": false,
            "filter": null,
            "id": "subnet-0a77f583efbf9994c",
            "ipv6_cidr_block": "",
            "ipv6_cidr_block_association_id": "",
            "ipv6_native": false,
            "map_customer_owned_ip_on_launch": false,
            "map_public_ip_on_launch": true,
            "outpost_arn": "",
            "owner_id": "731841272399",
            "private_dns_hostname_type_on_launch": "ip-name",
            "state": "available",
            "tags": {},
            "timeouts": null,
            "vpc_id": "vpc-07c1daafd6ddb5fbe"
          },
          "sensitive_attributes": []
        },
        {
          "index_key": "subnet-0f1e62bcebe6e4197",
          "schema_version": 0,
          "attributes": {
            "arn": "arn:aws:ec2:us-east-1:731841272399:subnet/subnet-0f1e62bcebe6e4197",
            "assign_ipv6_address_on_creation": false,
            "availability_zone": "us-east-1c",
            "availability_zone_id": "use1-az6",
            "available_ip_address_count": 4090,
            "cidr_block": "172.31.32.0/20",
            "customer_owned_ipv4_pool": "",
            "default_for_az": true,
            "enable_dns64": false,
            "enable_lni_at_device_index": 0,
            "enable_resource_name_dns_a_record_on_launch": false,
            "enable_resource_name_dns_aaaa_record_on_launch": false,
            "filter": null,
            "id": "subnet-0f1e62bcebe6e4197",
            "ipv6_cidr_block": "",
            "ipv6_cidr_block_association_id": "",
            "ipv6_native": false,
            "map_customer_owned_ip_on_launch": false,
            "map_public_ip_on_launch": true,
            "outpost_arn": "",
            "owner_id": "731841272399",
            "private_dns_hostname_type_on_launch": "ip-name",
            "state": "available",
            "tags": {},
            "timeouts": null,
            "vpc_id": "vpc-07c1daafd6ddb5fbe"
          },
          "sensitive_attributes": []
        }
      ]
    },
    {
      "mode": "data",
      "type": "aws_subnets",
      "name": "subnets",
      "provider": "provider[\"registry.terraform.io/hashicorp/aws\"]",
      "instances": [
        {
          "schema_version": 0,
          "attributes": {
            "filter": [
              {
                "name": "vpc-id",
                "values": [
                  "vpc-07c1daafd6ddb5fbe"
                ]
              }
            ],
            "id": "us-east-1",
            "ids": [
              "subnet-00386d762d18f0a22",
              "subnet-0177c58e21fc10fef",
              "subnet-0a77f583efbf9994c",
              "subnet-0f1e62bcebe6e4197",
              "subnet-073e71151f402f6c2",
              "subnet-06b8b268777a10ddf"
            ],
            "tags": null,
            "timeouts": null
          },
          "sensitive_attributes": []
        }
      ]
    },
    {
      "mode": "data",
      "type": "aws_vpc",
      "name": "vpc",
      "provider": "provider[\"registry.terraform.io/hashicorp/aws\"]",
      "instances": [
        {
          "schema_version": 0,
          "attributes": {
            "arn": "arn:aws:ec2:us-east-1:731841272399:vpc/vpc-07c1daafd6ddb5fbe",
            "cidr_block": "172.31.0.0/16",
            "cidr_block_associations": [
              {
                "association_id": "vpc-cidr-assoc-0859461918102a067",
                "cidr_block": "172.31.0.0/16",
                "state": "associated"
              }
            ],
            "default": true,
            "dhcp_options_id": "dopt-0b11712169f865c0e",
            "enable_dns_hostnames": true,
            "enable_dns_support": true,
            "enable_network_address_usage_metrics": false,
            "filter": null,
            "id": "vpc-07c1daafd6ddb5fbe",
            "instance_tenancy": "default",
            "ipv6_association_id": "",
            "ipv6_cidr_block": "",
            "main_route_table_id": "rtb-051f679842d6a5b09",
            "owner_id": "731841272399",
            "state": null,
            "tags": {},
            "timeouts": null
          },
          "sensitive_attributes": []
        }
      ]
    },
    {
      "mode": "managed",
      "type": "aws_ecr_repository",
      "name": "app_fastfood",
      "provider": "provider[\"registry.terraform.io/hashicorp/aws\"]",
      "instances": [
        {
          "schema_version": 0,
          "attributes": {
            "arn": "arn:aws:ecr:us-east-1:731841272399:repository/fiap-software-architecture-fastfood",
            "encryption_configuration": [
              {
                "encryption_type": "AES256",
                "kms_key": ""
              }
            ],
            "force_delete": true,
            "id": "fiap-software-architecture-fastfood",
            "image_scanning_configuration": [
              {
                "scan_on_push": true
              }
            ],
            "image_tag_mutability": "MUTABLE",
            "name": "fiap-software-architecture-fastfood",
            "registry_id": "731841272399",
            "repository_url": "731841272399.dkr.ecr.us-east-1.amazonaws.com/fiap-software-architecture-fastfood",
            "tags": {
              "Application": "Fastfood"
            },
            "tags_all": {
              "Application": "Fastfood"
            },
            "timeouts": null
          },
          "sensitive_attributes": [],
          "private": "eyJlMmJmYjczMC1lY2FhLTExZTYtOGY4OC0zNDM2M2JjN2M0YzAiOnsiZGVsZXRlIjoxMjAwMDAwMDAwMDAwfX0="
        }
      ]
    },
    {
      "mode": "managed",
      "type": "aws_eks_access_entry",
      "name": "access-entry",
      "provider": "provider[\"registry.terraform.io/hashicorp/aws\"]",
      "instances": [
        {
          "schema_version": 0,
          "attributes": {
            "access_entry_arn": "arn:aws:eks:us-east-1:731841272399:access-entry/EKS-fastfood/role/731841272399/voclabs/8ec9bf9b-2b19-93eb-0993-3fff4223973b",
            "cluster_name": "EKS-fastfood",
            "created_at": "2024-11-30T22:34:47Z",
            "id": "EKS-fastfood:arn:aws:iam::731841272399:role/voclabs",
            "kubernetes_groups": [
              "fiap",
              "live"
            ],
            "modified_at": "2024-11-30T22:34:47Z",
            "principal_arn": "arn:aws:iam::731841272399:role/voclabs",
            "tags": {},
            "tags_all": {},
            "timeouts": null,
            "type": "STANDARD",
            "user_name": "arn:aws:sts::731841272399:assumed-role/voclabs/{{SessionName}}"
          },
          "sensitive_attributes": [],
          "private": "eyJlMmJmYjczMC1lY2FhLTExZTYtOGY4OC0zNDM2M2JjN2M0YzAiOnsiY3JlYXRlIjo2MDAwMDAwMDAwMDAsImRlbGV0ZSI6NjAwMDAwMDAwMDAwfX0=",
          "dependencies": [
            "aws_eks_cluster.eks-cluster",
            "aws_security_group.sg",
            "data.aws_iam_role.labrole",
            "data.aws_subnet.subnet",
            "data.aws_subnets.subnets",
            "data.aws_vpc.vpc"
          ]
        }
      ]
    },
    {
      "mode": "managed",
      "type": "aws_eks_access_policy_association",
      "name": "eks-policy",
      "provider": "provider[\"registry.terraform.io/hashicorp/aws\"]",
      "instances": [
        {
          "schema_version": 0,
          "attributes": {
            "access_scope": [
              {
                "namespaces": [],
                "type": "cluster"
              }
            ],
            "associated_at": "2024-11-30 22:34:47.923 +0000 UTC",
            "cluster_name": "EKS-fastfood",
            "id": "EKS-fastfood#arn:aws:iam::731841272399:role/voclabs#arn:aws:eks::aws:cluster-access-policy/AmazonEKSClusterAdminPolicy",
            "modified_at": "2024-11-30 22:34:47.923 +0000 UTC",
            "policy_arn": "arn:aws:eks::aws:cluster-access-policy/AmazonEKSClusterAdminPolicy",
            "principal_arn": "arn:aws:iam::731841272399:role/voclabs",
            "timeouts": null
          },
          "sensitive_attributes": [],
          "private": "eyJlMmJmYjczMC1lY2FhLTExZTYtOGY4OC0zNDM2M2JjN2M0YzAiOnsiY3JlYXRlIjo2MDAwMDAwMDAwMDAsImRlbGV0ZSI6NjAwMDAwMDAwMDAwfX0=",
          "dependencies": [
            "aws_eks_cluster.eks-cluster",
            "aws_security_group.sg",
            "data.aws_iam_role.labrole",
            "data.aws_subnet.subnet",
            "data.aws_subnets.subnets",
            "data.aws_vpc.vpc"
          ]
        }
      ]
    },
    {
      "mode": "managed",
      "type": "aws_eks_cluster",
      "name": "eks-cluster",
      "provider": "provider[\"registry.terraform.io/hashicorp/aws\"]",
      "instances": [
        {
          "schema_version": 1,
          "attributes": {
            "access_config": [
              {
                "authentication_mode": "API_AND_CONFIG_MAP",
                "bootstrap_cluster_creator_admin_permissions": false
              }
            ],
            "arn": "arn:aws:eks:us-east-1:731841272399:cluster/EKS-fastfood",
            "bootstrap_self_managed_addons": true,
            "certificate_authority": [
              {
                "data": "LS0tLS1CRUdJTiBDRVJUSUZJQ0FURS0tLS0tCk1JSURCVENDQWUyZ0F3SUJBZ0lJRkpLcGNZSmlURkl3RFFZSktvWklodmNOQVFFTEJRQXdGVEVUTUJFR0ExVUUKQXhNS2EzVmlaWEp1WlhSbGN6QWVGdzB5TkRFeE16QXlNakkzTlRaYUZ3MHpOREV4TWpneU1qTXlOVFphTUJVeApFekFSQmdOVkJBTVRDbXQxWW1WeWJtVjBaWE13Z2dFaU1BMEdDU3FHU0liM0RRRUJBUVVBQTRJQkR3QXdnZ0VLCkFvSUJBUURDdnlCM3JMS1ptR3kzR3h2eGx6anUvNkt5a0NRQW94Ym9sYy9tb2kvRWVCN3Y3cFN4U0h2ZTEvQTkKZHVESTFUSG96dzk3ZEdvRWk2OU9XUExXUHRoK0tKSTZ3RHE5K05obUtVc3Q1K1ZSRkVKNkY0ZTg1YVl1VG56SAorck5jcGMrYnYrWUtvRmVLTklZVXdyWmFoaGw3cTU4Z25vMGkyRDJGQkZLc2lnVlI4eGl3ZkwyZ2ZibTFOVnZTCnNWOWtER1BaZzJ0L3dsY29mUzJjREhyR2JUT1drTjlhNFhYVFptYVp2UkRpVmlQcTY3TndyWER4RkpxOFRvOXAKS0JWTTV6eHdBQ3BFazFYUUd6bHIrOTB6UXpac0xKRGZlUkhNNk1saGd0eUNNN2pLd0ZseVVBdkQvb0lpTVhXYQpQdmtPekU0MWErTEljY3NVM0YwdlFmT0Q4QWUzQWdNQkFBR2pXVEJYTUE0R0ExVWREd0VCL3dRRUF3SUNwREFQCkJnTlZIUk1CQWY4RUJUQURBUUgvTUIwR0ExVWREZ1FXQkJUQmhFcFl3NWtqK2FvdW8xNFo3QzlPZCtVZi96QVYKQmdOVkhSRUVEakFNZ2dwcmRXSmxjbTVsZEdWek1BMEdDU3FHU0liM0RRRUJDd1VBQTRJQkFRQm1UQVNZUlRPKwpzWHF6MDlLeW5RUGtTejV3SHlSbks0WE0vNHVmQ0ZZYWI3NVNlZFVwWFd1dk8rRkZXc3pkNGYya2ZDVmxSMytXCmQ2R0E4WUxGY0czOW84dy9lM2Y0ek56d2NsbnBWc2N4RWZKRnhKeXI2SzhNQzdsNjkwQktqYUxDVi9rcGZYcEwKdnVQK2xjNEJaL3VKcVRXeWEvdnFCK0pkWHpsTlg4VFRBeEFQd1Q0T1dFRUsrRFYycFFyM2l2TUttQXVEblRjaQpRWVdBSi9uekNaamczK3hXdUU5aEdzRlZKSno4MFFuZzFZUjVnNWREUDE3RitNMVFHSzdXVUpJZzBjcmxPb2RECmdaajJzWHI5dzIrOXIwOEJPMFQvMUgyRlEwS2FjbkVTNVpGNzlwSk1WU0lWc1ZDT0dPVnozbFZRMDVlczBmcFQKRjJSWmN4KzdtU214Ci0tLS0tRU5EIENFUlRJRklDQVRFLS0tLS0K"
              }
            ],
            "cluster_id": null,
            "created_at": "2024-11-30T22:27:41Z",
            "enabled_cluster_log_types": [],
            "encryption_config": [],
            "endpoint": "https://DA15F61F15ACAE97652E6E60301E40A3.gr7.us-east-1.eks.amazonaws.com",
            "id": "EKS-fastfood",
            "identity": [
              {
                "oidc": [
                  {
                    "issuer": "https://oidc.eks.us-east-1.amazonaws.com/id/DA15F61F15ACAE97652E6E60301E40A3"
                  }
                ]
              }
            ],
            "kubernetes_network_config": [
              {
                "ip_family": "ipv4",
                "service_ipv4_cidr": "10.100.0.0/16",
                "service_ipv6_cidr": ""
              }
            ],
            "name": "EKS-fastfood",
            "outpost_config": [],
            "platform_version": "eks.12",
            "role_arn": "arn:aws:iam::731841272399:role/LabRole",
            "status": "ACTIVE",
            "tags": {},
            "tags_all": {},
            "timeouts": null,
            "upgrade_policy": [
              {
                "support_type": "EXTENDED"
              }
            ],
            "version": "1.31",
            "vpc_config": [
              {
                "cluster_security_group_id": "sg-09538ce827832813f",
                "endpoint_private_access": false,
                "endpoint_public_access": true,
                "public_access_cidrs": [
                  "0.0.0.0/0"
                ],
                "security_group_ids": [
                  "sg-0631cfe3347bfe69a"
                ],
                "subnet_ids": [
                  "subnet-00386d762d18f0a22",
                  "subnet-06b8b268777a10ddf",
                  "subnet-073e71151f402f6c2",
                  "subnet-0a77f583efbf9994c",
                  "subnet-0f1e62bcebe6e4197"
                ],
                "vpc_id": "vpc-07c1daafd6ddb5fbe"
              }
            ],
            "zonal_shift_config": []
          },
          "sensitive_attributes": [],
          "private": "eyJlMmJmYjczMC1lY2FhLTExZTYtOGY4OC0zNDM2M2JjN2M0YzAiOnsiY3JlYXRlIjoxODAwMDAwMDAwMDAwLCJkZWxldGUiOjkwMDAwMDAwMDAwMCwidXBkYXRlIjozNjAwMDAwMDAwMDAwfSwic2NoZW1hX3ZlcnNpb24iOiIxIn0=",
          "dependencies": [
            "aws_security_group.sg",
            "data.aws_iam_role.labrole",
            "data.aws_subnet.subnet",
            "data.aws_subnets.subnets",
            "data.aws_vpc.vpc"
          ]
        }
      ]
    },
    {
      "mode": "managed",
      "type": "aws_eks_node_group",
      "name": "node-group",
      "provider": "provider[\"registry.terraform.io/hashicorp/aws\"]",
      "instances": [
        {
          "schema_version": 0,
          "attributes": {
            "ami_type": "AL2023_x86_64_STANDARD",
            "arn": "arn:aws:eks:us-east-1:731841272399:nodegroup/EKS-fastfood/NG-fastfood/f0c9ca3a-2556-abde-7ddc-dc77c63d1d94",
            "capacity_type": "ON_DEMAND",
            "cluster_name": "EKS-fastfood",
            "disk_size": 50,
            "force_update_version": null,
            "id": "EKS-fastfood:NG-fastfood",
            "instance_types": [
              "t3a.large"
            ],
            "labels": null,
            "launch_template": [],
            "node_group_name": "NG-fastfood",
            "node_group_name_prefix": "",
            "node_role_arn": "arn:aws:iam::731841272399:role/LabRole",
            "release_version": "1.31.2-20241121",
            "remote_access": [],
            "resources": [
              {
                "autoscaling_groups": [
                  {
                    "name": "eks-NG-fastfood-f0c9ca3a-2556-abde-7ddc-dc77c63d1d94"
                  }
                ],
                "remote_access_security_group_id": ""
              }
            ],
            "scaling_config": [
              {
                "desired_size": 3,
                "max_size": 5,
                "min_size": 2
              }
            ],
            "status": "ACTIVE",
            "subnet_ids": [
              "subnet-00386d762d18f0a22",
              "subnet-06b8b268777a10ddf",
              "subnet-073e71151f402f6c2",
              "subnet-0a77f583efbf9994c",
              "subnet-0f1e62bcebe6e4197"
            ],
            "tags": null,
            "tags_all": {},
            "taint": [],
            "timeouts": null,
            "update_config": [
              {
                "max_unavailable": 1,
                "max_unavailable_percentage": 0
              }
            ],
            "version": "1.31"
          },
          "sensitive_attributes": [],
          "private": "eyJlMmJmYjczMC1lY2FhLTExZTYtOGY4OC0zNDM2M2JjN2M0YzAiOnsiY3JlYXRlIjozNjAwMDAwMDAwMDAwLCJkZWxldGUiOjM2MDAwMDAwMDAwMDAsInVwZGF0ZSI6MzYwMDAwMDAwMDAwMH19",
          "dependencies": [
            "aws_eks_cluster.eks-cluster",
            "aws_security_group.sg",
            "data.aws_iam_role.labrole",
            "data.aws_subnet.subnet",
            "data.aws_subnets.subnets",
            "data.aws_vpc.vpc"
          ]
        }
      ]
    },
    {
      "mode": "managed",
      "type": "aws_security_group",
      "name": "sg",
      "provider": "provider[\"registry.terraform.io/hashicorp/aws\"]",
      "instances": [
        {
          "schema_version": 1,
          "attributes": {
            "arn": "arn:aws:ec2:us-east-1:731841272399:security-group/sg-0631cfe3347bfe69a",
            "description": "Grupo projeto Fastfood",
            "egress": [
              {
                "cidr_blocks": [
                  "0.0.0.0/0"
                ],
                "description": "All",
                "from_port": 0,
                "ipv6_cidr_blocks": [],
                "prefix_list_ids": [],
                "protocol": "-1",
                "security_groups": [],
                "self": false,
                "to_port": 0
              }
            ],
            "id": "sg-0631cfe3347bfe69a",
            "ingress": [
              {
                "cidr_blocks": [
                  "0.0.0.0/0"
                ],
                "description": "All",
                "from_port": 80,
                "ipv6_cidr_blocks": [],
                "prefix_list_ids": [],
                "protocol": "tcp",
                "security_groups": [],
                "self": false,
                "to_port": 80
              }
            ],
            "name": "SG-fastfood",
            "name_prefix": "",
            "owner_id": "731841272399",
            "revoke_rules_on_delete": false,
            "tags": {},
            "tags_all": {},
            "timeouts": null,
            "vpc_id": "vpc-07c1daafd6ddb5fbe"
          },
          "sensitive_attributes": [],
          "private": "eyJlMmJmYjczMC1lY2FhLTExZTYtOGY4OC0zNDM2M2JjN2M0YzAiOnsiY3JlYXRlIjo2MDAwMDAwMDAwMDAsImRlbGV0ZSI6OTAwMDAwMDAwMDAwfSwic2NoZW1hX3ZlcnNpb24iOiIxIn0=",
          "dependencies": [
            "data.aws_vpc.vpc"
          ]
        }
      ]
    }
  ],
  "check_results": null
}
